
Microsoft Visual Studio Solution File, Format Version 12.00
# Visual Studio Version 17
VisualStudioVersion = 17.5.33502.453
MinimumVisualStudioVersion = 10.0.40219.1
Project("{FAE04EC0-301F-11D3-BF4B-00C04F79EFBC}") = "WindowsFormsApp1", "WindowsFormsApp1\WindowsFormsApp1.csproj", "{4E0FCDE9-C1E6-42E8-B275-C13B7968CFAA}"
EndProject
Global
	GlobalSection(SolutionConfigurationPlatforms) = preSolution
		Debug|Any CPU = Debug|Any CPU
		Release|Any CPU = Release|Any CPU
	EndGlobalSection
	GlobalSection(ProjectConfigurationPlatforms) = postSolution
		{4E0FCDE9-C1E6-42E8-B275-C13B7968CFAA}.Debug|Any CPU.ActiveCfg = Debug|Any CPU
		{4E0FCDE9-C1E6-42E8-B275-C13B7968CFAA}.Debug|Any CPU.Build.0 = Debug|Any CPU
		{4E0FCDE9-C1E6-42E8-B275-C13B7968CFAA}.Release|Any CPU.ActiveCfg = Release|Any CPU
		{4E0FCDE9-C1E6-42E8-B275-C13B7968CFAA}.Release|Any CPU.Build.0 = Release|Any CPU
	EndGlobalSection
	GlobalSection(SolutionProperties) = preSolution
		HideSolutionNode = FALSE
	EndGlobalSection
	GlobalSection(ExtensibilityGlobals) = postSolution
		SolutionGuid = {94054A5F-6F30-4FC2-8AC9-A08D843850F3}
	EndGlobalSection
EndGlobal
